lockfileVersion: '9.0'

settings:
  autoInstallPeers: true
  excludeLinksFromLockfile: false

importers:

  .:
    dependencies:
      '@ai-sdk/anthropic':
        specifier: ^3.0.77
        version: 3.0.77(zod@4.4.3)
      '@ai-sdk/openai':
        specifier: ^3.0.64
        version: 3.0.64(zod@4.4.3)
      ai:
        specifier: ^6.0.185
        version: 6.0.185(zod@4.4.3)
      dotenv:
        specifier: ^17.4.2
        version: 17.4.2
    devDependencies:
      '@eslint/js':
        specifier: ^10.0.1
        version: 10.0.1(eslint@10.4.0(jiti@2.7.0))
      '@types/node':
        specifier: ^25.9.0
        version: 25.9.0
      eslint:
        specifier: ^10.4.0
        version: 10.4.0(jiti@2.7.0)
      eslint-plugin-unused-imports:
        specifier: ^4.4.1
        version: 4.4.1(@typescript-eslint/eslint-plugin@8.59.3(@typescript-eslint/parser@8.59.3(eslint@10.4.0(jiti@2.7.0))(typescript@6.0.3))(eslint@10.4.0(jiti@2.7.0))(typescript@6.0.3))(eslint@10.4.0(jiti@2.7.0))
      prettier:
        specifier: ^3.8.3
        version: 3.8.3
      tsx:
        specifier: ^4.22.2
        version: 4.22.2
      typescript:
        specifier: ^6.0.3
        version: 6.0.3
      typescript-eslint:
        specifier: ^8.59.3
        version: 8.59.3(eslint@10.4.0(jiti@2.7.0))(typescript@6.0.3)

packages:

  '@ai-sdk/anthropic@3.0.77':
    resolution: {integrity: sha1-JzBMHWZo6qIENA10qDd9NEVjrKM=, tarball: http://registry.m.jd.com/@ai-sdk/anthropic/download/@ai-sdk/anthropic-3.0.77.tgz}
    engines: {node: '>=18'}
    peerDependencies:
      zod: ^3.25.76 || ^4.1.8

  '@ai-sdk/gateway@3.0.116':
    resolution: {integrity: sha1-XT0Xb/qsFv4vHyHWfOfvN+SuMh8=, tarball: http://registry.m.jd.com/@ai-sdk/gateway/download/@ai-sdk/gateway-3.0.116.tgz}
    engines: {node: '>=18'}
    peerDependencies:
      zod: ^3.25.76 || ^4.1.8

  '@ai-sdk/openai@3.0.64':
    resolution: {integrity: sha1-twgQSpl7fs1yHeGEkuAFoDMAYXk=, tarball: http://registry.m.jd.com/@ai-sdk/openai/download/@ai-sdk/openai-3.0.64.tgz}
    engines: {node: '>=18'}
    peerDependencies:
      zod: ^3.25.76 || ^4.1.8

  '@ai-sdk/provider-utils@4.0.27':
    resolution: {integrity: sha1-0hg2hXaGJrzxyWi31z6iuXTaWbk=, tarball: http://registry.m.jd.com/@ai-sdk/provider-utils/download/@ai-sdk/provider-utils-4.0.27.tgz}
    engines: {node: '>=18'}
    peerDependencies:
      zod: ^3.25.76 || ^4.1.8

  '@ai-sdk/provider@3.0.10':
    resolution: {integrity: sha1-q/tndvaZlR+bisIM8dQqP8fXl1I=, tarball: http://registry.m.jd.com/@ai-sdk/provider/download/@ai-sdk/provider-3.0.10.tgz}
    engines: {node: '>=18'}

  '@esbuild/aix-ppc64@0.28.0':
    resolution: {integrity: sha1-eiicFY4py/WeoK/IPMgPBtHIlAI=, tarball: http://registry.m.jd.com/@esbuild/aix-ppc64/download/@esbuild/aix-ppc64-0.28.0.tgz}
    engines: {node: '>=18'}
    cpu: [ppc64]
    os: [aix]

  '@esbuild/android-arm64@0.28.0':
    resolution: {integrity: sha1-uIKNnt+jqSZgZE643m5PPCA9exc=, tarball: http://registry.m.jd.com/@esbuild/android-arm64/download/@esbuild/android-arm64-0.28.0.tgz}
    engines: {node: '>=18'}
    cpu: [arm64]
    os: [android]

  '@esbuild/android-arm@0.28.0':
    resolution: {integrity: sha1-XsGEdgXgW12+XfkNuf9+PkxY3Kc=, tarball: http://registry.m.jd.com/@esbuild/android-arm/download/@esbuild/android-arm-0.28.0.tgz}
    engines: {node: '>=18'}
    cpu: [arm]
    os: [android]

  '@esbuild/android-x64@0.28.0':
    resolution: {integrity: sha1-OQZCF1uI74K61MzgP4qxP+mxkS4=, tarball: http://registry.m.jd.com/@esbuild/android-x64/download/@esbuild/android-x64-0.28.0.tgz}
    engines: {node: '>=18'}
    cpu: [x64]
    os: [android]

  '@esbuild/darwin-arm64@0.28.0':
    resolution: {integrity: sha1-rkUyWWDVlQzWlR5PlzlvTh/32NM=, tarball: http://registry.m.jd.com/@esbuild/darwin-arm64/download/@esbuild/darwin-arm64-0.28.0.tgz}
    engines: {node: '>=18'}
    cpu: [arm64]
    os: [darwin]

  '@esbuild/darwin-x64@0.28.0':
    resolution: {integrity: sha1-wHkkfViba5lEllnZTwaVG4S/8uQ=, tarball: http://registry.m.jd.com/@esbuild/darwin-x64/download/@esbuild/darwin-x64-0.28.0.tgz}
    engines: {node: '>=18'}
    cpu: [x64]
    os: [darwin]

  '@esbuild/freebsd-arm64@0.28.0':
    resolution: {integrity: sha1-RcRWIVpIZZPJSQApcgLcEciAo3o=, tarball: http://registry.m.jd.com/@esbuild/freebsd-arm64/download/@esbuild/freebsd-arm64-0.28.0.tgz}
    engines: {node: '>=18'}
    cpu: [arm64]
    os: [freebsd]

  '@esbuild/freebsd-x64@0.28.0':
    resolution: {integrity: sha1-A5lJTByF5DiOm3BAvWDUjypbDSw=, tarball: http://registry.m.jd.com/@esbuild/freebsd-x64/download/@esbuild/freebsd-x64-0.28.0.tgz}
    engines: {node: '>=18'}
    cpu: [x64]
    os: [freebsd]

  '@esbuild/linux-arm64@0.28.0':
    resolution: {integrity: sha1-1tnwnvDeVBFr9Fmk1TysfglS/jk=, tarball: http://registry.m.jd.com/@esbuild/linux-arm64/download/@esbuild/linux-arm64-0.28.0.tgz}
    engines: {node: '>=18'}
    cpu: [arm64]
    os: [linux]

  '@esbuild/linux-arm@0.28.0':
    resolution: {integrity: sha1-e0L/qEwoiulP3EMcGyionjw7kng=, tarball: http://registry.m.jd.com/@esbuild/linux-arm/download/@esbuild/linux-arm-0.28.0.tgz}
    engines: {node: '>=18'}
    cpu: [arm]
    os: [linux]

  '@esbuild/linux-ia32@0.28.0':
    resolution: {integrity: sha1-3rFdES7Y3WBTRra5U9I6If+BJT8=, tarball: http://registry.m.jd.com/@esbuild/linux-ia32/download/@esbuild/linux-ia32-0.28.0.tgz}
    engines: {node: '>=18'}
    cpu: [ia32]
    os: [linux]

  '@esbuild/linux-loong64@0.28.0':
    resolution: {integrity: sha1-gfuJ0H7sx5sVfephAzdXcm/ODKQ=, tarball: http://registry.m.jd.com/@esbuild/linux-loong64/download/@esbuild/linux-loong64-0.28.0.tgz}
    engines: {node: '>=18'}
    cpu: [loong64]
    os: [linux]

  '@esbuild/linux-mips64el@0.28.0':
    resolution: {integrity: sha1-0OQmkbP/evn7Ihe3D8AfNDvbYrs=, tarball: http://registry.m.jd.com/@esbuild/linux-mips64el/download/@esbuild/linux-mips64el-0.28.0.tgz}
    engines: {node: '>=18'}
    cpu: [mips64el]
    os: [linux]

  '@esbuild/linux-ppc64@0.28.0':
    resolution: {integrity: sha1-OJ8+XpjxfUd8RnzIcTbhoHburYc=, tarball: http://registry.m.jd.com/@esbuild/linux-ppc64/download/@esbuild/linux-ppc64-0.28.0.tgz}
    engines: {node: '>=18'}
    cpu: [ppc64]
    os: [linux]

  '@esbuild/linux-riscv64@0.28.0':
    resolution: {integrity: sha1-djvWDVmyQr4S2h5n1XKfMCTGBfo=, tarball: http://registry.m.jd.com/@esbuild/linux-riscv64/download/@esbuild/linux-riscv64-0.28.0.tgz}
    engines: {node: '>=18'}
    cpu: [riscv64]
    os: [linux]

  '@esbuild/linux-s390x@0.28.0':
    resolution: {integrity: sha1-qsYGFjSHLkZ33mk7zoAw1zsf0FU=, tarball: http://registry.m.jd.com/@esbuild/linux-s390x/download/@esbuild/linux-s390x-0.28.0.tgz}
    engines: {node: '>=18'}
    cpu: [s390x]
    os: [linux]

  '@esbuild/linux-x64@0.28.0':
    resolution: {integrity: sha1-TykXdHGI/ndjK87GWy2EtCJBl3k=, tarball: http://registry.m.jd.com/@esbuild/linux-x64/download/@esbuild/linux-x64-0.28.0.tgz}
    engines: {node: '>=18'}
    cpu: [x64]
    os: [linux]

  '@esbuild/netbsd-arm64@0.28.0':
    resolution: {integrity: sha1-gU3wrlegw4aBRJG4OX7rqCCUqUc=, tarball: http://registry.m.jd.com/@esbuild/netbsd-arm64/download/@esbuild/netbsd-arm64-0.28.0.tgz}
    engines: {node: '>=18'}
    cpu: [arm64]
    os: [netbsd]

  '@esbuild/netbsd-x64@0.28.0':
    resolution: {integrity: sha1-4BvffmD6GgjkbUbZYLDZu4rCEK8=, tarball: http://registry.m.jd.com/@esbuild/netbsd-x64/download/@esbuild/netbsd-x64-0.28.0.tgz}
    engines: {node: '>=18'}
    cpu: [x64]
    os: [netbsd]

  '@esbuild/openbsd-arm64@0.28.0':
    resolution: {integrity: sha1-ShXDaqzKaNLVpMkLcQwGdZ9MH/o=, tarball: http://registry.m.jd.com/@esbuild/openbsd-arm64/download/@esbuild/openbsd-arm64-0.28.0.tgz}
    engines: {node: '>=18'}
    cpu: [arm64]
    os: [openbsd]

  '@esbuild/openbsd-x64@0.28.0':
    resolution: {integrity: sha1-R15hAUmKjszjAI18OIER16J8F70=, tarball: http://registry.m.jd.com/@esbuild/openbsd-x64/download/@esbuild/openbsd-x64-0.28.0.tgz}
    engines: {node: '>=18'}
    cpu: [x64]
    os: [openbsd]

  '@esbuild/openharmony-arm64@0.28.0':
    resolution: {integrity: sha1-z9w5V/C3pp8b3hKarRf8wvb6Az4=, tarball: http://registry.m.jd.com/@esbuild/openharmony-arm64/download/@esbuild/openharmony-arm64-0.28.0.tgz}
    engines: {node: '>=18'}
    cpu: [arm64]
    os: [openharmony]

  '@esbuild/sunos-x64@0.28.0':
    resolution: {integrity: sha1-oBPIVv7KzRw67Jhciv4dHLAXSX0=, tarball: http://registry.m.jd.com/@esbuild/sunos-x64/download/@esbuild/sunos-x64-0.28.0.tgz}
    engines: {node: '>=18'}
    cpu: [x64]
    os: [sunos]

  '@esbuild/win32-arm64@0.28.0':
    resolution: {integrity: sha1-6uBeDzUnHK04mLQxaNPpo7uvR+U=, tarball: http://registry.m.jd.com/@esbuild/win32-arm64/download/@esbuild/win32-arm64-0.28.0.tgz}
    engines: {node: '>=18'}
    cpu: [arm64]
    os: [win32]

  '@esbuild/win32-ia32@0.28.0':
    resolution: {integrity: sha1-BhYevFv3XAjWn+s8ayJWBRWROZg=, tarball: http://registry.m.jd.com/@esbuild/win32-ia32/download/@esbuild/win32-ia32-0.28.0.tgz}
    engines: {node: '>=18'}
    cpu: [ia32]
    os: [win32]

  '@esbuild/win32-x64@0.28.0':
    resolution: {integrity: sha1-BNkNV1K0zmXStqwl66CP92JP4Hw=, tarball: http://registry.m.jd.com/@esbuild/win32-x64/download/@esbuild/win32-x64-0.28.0.tgz}
    engines: {node: '>=18'}
    cpu: [x64]
    os: [win32]

  '@eslint-community/eslint-utils@4.9.1':
    resolution: {integrity: sha1-TpCvZ7xR3e5s3vUoTt9XLsN2tZU=, tarball: http://registry.m.jd.com/@eslint-community/eslint-utils/download/@eslint-community/eslint-utils-4.9.1.tgz}
    engines: {node: ^12.22.0 || ^14.17.0 || >=16.0.0}
    peerDependencies:
      eslint: ^6.0.0 || ^7.0.0 || >=8.0.0

  '@eslint-community/regexpp@4.12.2':
    resolution: {integrity: sha1-vM32Fbz3tujbgw7AuNIcmiXeWXs=, tarball: http://registry.m.jd.com/@eslint-community/regexpp/download/@eslint-community/regexpp-4.12.2.tgz}
    engines: {node: ^12.0.0 || ^14.0.0 || >=16.0.0}

  '@eslint/config-array@0.23.5':
    resolution: {integrity: sha1-VuhtJDBJGV2KzAwGobPf3D+j3pU=, tarball: http://registry.m.jd.com/@eslint/config-array/download/@eslint/config-array-0.23.5.tgz}
    engines: {node: ^20.19.0 || ^22.13.0 || >=24}

  '@eslint/config-helpers@0.6.0':
    resolution: {integrity: sha1-75o2iB0539Xb6sIrDamX+r+wiwM=, tarball: http://registry.m.jd.com/@eslint/config-helpers/download/@eslint/config-helpers-0.6.0.tgz}
    engines: {node: ^20.19.0 || ^22.13.0 || >=24}

  '@eslint/core@1.2.1':
    resolution: {integrity: sha1-wdp80bgvqHh/mLVin7gRhIobY84=, tarball: http://registry.m.jd.com/@eslint/core/download/@eslint/core-1.2.1.tgz}
    engines: {node: ^20.19.0 || ^22.13.0 || >=24}

  '@eslint/js@10.0.1':
    resolution: {integrity: sha1-HoqHb1ARevirZ+R9WtlNONZiJYM=, tarball: http://registry.m.jd.com/@eslint/js/download/@eslint/js-10.0.1.tgz}
    engines: {node: ^20.19.0 || ^22.13.0 || >=24}
    peerDependencies:
      eslint: ^10.0.0
    peerDependenciesMeta:
      eslint:
        optional: true

  '@eslint/object-schema@3.0.5':
    resolution: {integrity: sha1-iOm/TRHSsZwILnjr586IckpesJE=, tarball: http://registry.m.jd.com/@eslint/object-schema/download/@eslint/object-schema-3.0.5.tgz}
    engines: {node: ^20.19.0 || ^22.13.0 || >=24}

  '@eslint/plugin-kit@0.7.1':
    resolution: {integrity: sha1-xBJf0BXs7rCbeTEJ/bzU3QoC00Y=, tarball: http://registry.m.jd.com/@eslint/plugin-kit/download/@eslint/plugin-kit-0.7.1.tgz}
    engines: {node: ^20.19.0 || ^22.13.0 || >=24}

  '@humanfs/core@0.19.2':
    resolution: {integrity: sha1-qCcsoDsqz0kmcCIrIyC2xCG/3mA=, tarball: http://registry.m.jd.com/@humanfs/core/download/@humanfs/core-0.19.2.tgz}
    engines: {node: '>=18.18.0'}

  '@humanfs/node@0.16.8':
    resolution: {integrity: sha1-j4AMzME/T4zTEW4tnAqUk52j4+0=, tarball: http://registry.m.jd.com/@humanfs/node/download/@humanfs/node-0.16.8.tgz}
    engines: {node: '>=18.18.0'}

  '@humanfs/types@0.15.0':
    resolution: {integrity: sha1-8qCfYgEjkLK/8/xvskjd7IwJoJA=, tarball: http://registry.m.jd.com/@humanfs/types/download/@humanfs/types-0.15.0.tgz}
    engines: {node: '>=18.18.0'}

  '@humanwhocodes/module-importer@1.0.1':
    resolution: {integrity: sha1-r1smkaIrRL6EewyoFkHF+2rQFyw=, tarball: http://registry.m.jd.com/@humanwhocodes/module-importer/download/@humanwhocodes/module-importer-1.0.1.tgz}
    engines: {node: '>=12.22'}

  '@humanwhocodes/retry@0.4.3':
    resolution: {integrity: sha1-wrnS43TuYsWG062+qHGZsdenpro=, tarball: http://registry.m.jd.com/@humanwhocodes/retry/download/@humanwhocodes/retry-0.4.3.tgz}
    engines: {node: '>=18.18'}

  '@opentelemetry/api@1.9.1':
    resolution: {integrity: sha1-wbA0beM2ulWvLVp5cIggN7rt7AU=, tarball: http://registry.m.jd.com/@opentelemetry/api/download/@opentelemetry/api-1.9.1.tgz}
    engines: {node: '>=8.0.0'}

  '@standard-schema/spec@1.1.0':
    resolution: {integrity: sha1-p5tV26+GBIEvUtFAssmrQbwVC7g=, tarball: http://registry.m.jd.com/@standard-schema/spec/download/@standard-schema/spec-1.1.0.tgz}

  '@types/esrecurse@4.3.1':
    resolution: {integrity: sha1-b2Nq+WL75hkbgwvWdrpZhpJrzOw=, tarball: http://registry.m.jd.com/@types/esrecurse/download/@types/esrecurse-4.3.1.tgz}

  '@types/estree@1.0.9':
    resolution: {integrity: sha1-zz8Oh2177hWpOrkluCv1cKOQSiQ=, tarball: http://registry.m.jd.com/@types/estree/download/@types/estree-1.0.9.tgz}

  '@types/json-schema@7.0.15':
    resolution: {integrity: sha1-WWoXRyM2lNUPatinhp/Lb1bPWEE=, tarball: http://registry.m.jd.com/@types/json-schema/download/@types/json-schema-7.0.15.tgz}

  '@types/node@25.9.0':
    resolution: {integrity: sha1-SCPmbg9Ia/2NkBn7RF+7ueb3c0g=, tarball: http://registry.m.jd.com/@types/node/download/@types/node-25.9.0.tgz}

  '@typescript-eslint/eslint-plugin@8.59.3':
    resolution: {integrity: sha1-XW2n57I2tGRS+gDTkEu29ZYVv94=, tarball: http://registry.m.jd.com/@typescript-eslint/eslint-plugin/download/@typescript-eslint/eslint-plugin-8.59.3.tgz}
    engines: {node: ^18.18.0 || ^20.9.0 || >=21.1.0}
    peerDependencies:
      '@typescript-eslint/parser': ^8.59.3
      eslint: ^8.57.0 || ^9.0.0 || ^10.0.0
      typescript: '>=4.8.4 <6.1.0'

  '@typescript-eslint/parser@8.59.3':
    resolution: {integrity: sha1-9Gy8cK4KJRGe+U6sns1GcUeI4aE=, tarball: http://registry.m.jd.com/@typescript-eslint/parser/download/@typescript-eslint/parser-8.59.3.tgz}
    engines: {node: ^18.18.0 || ^20.9.0 || >=21.1.0}
    peerDependencies:
      eslint: ^8.57.0 || ^9.0.0 || ^10.0.0
      typescript: '>=4.8.4 <6.1.0'

  '@typescript-eslint/project-service@8.59.3':
    resolution: {integrity: sha1-G+WuFSqtmHoVbJoam0JW51z7vgw=, tarball: http://registry.m.jd.com/@typescript-eslint/project-service/download/@typescript-eslint/project-service-8.59.3.tgz}
    engines: {node: ^18.18.0 || ^20.9.0 || >=21.1.0}
    peerDependencies:
      typescript: '>=4.8.4 <6.1.0'

  '@typescript-eslint/scope-manager@8.59.3':
    resolution: {integrity: sha1-kaYPZoA/6drgaW+6skUfVyPxGdI=, tarball: http://registry.m.jd.com/@typescript-eslint/scope-manager/download/@typescript-eslint/scope-manager-8.59.3.tgz}
    engines: {node: ^18.18.0 || ^20.9.0 || >=21.1.0}

  '@typescript-eslint/tsconfig-utils@8.59.3':
    resolution: {integrity: sha1-iMqQNrQszdHmMM/a/S4ELCymqDU=, tarball: http://registry.m.jd.com/@typescript-eslint/tsconfig-utils/download/@typescript-eslint/tsconfig-utils-8.59.3.tgz}
    engines: {node: ^18.18.0 || ^20.9.0 || >=21.1.0}
    peerDependencies:
      typescript: '>=4.8.4 <6.1.0'

  '@typescript-eslint/type-utils@8.59.3':
    resolution: {integrity: sha1-Qh+yRIvf6zAdE0oBzQJQP2f9gZI=, tarball: http://registry.m.jd.com/@typescript-eslint/type-utils/download/@typescript-eslint/type-utils-8.59.3.tgz}
    engines: {node: ^18.18.0 || ^20.9.0 || >=21.1.0}
    peerDependencies:
      eslint: ^8.57.0 || ^9.0.0 || ^10.0.0
      typescript: '>=4.8.4 <6.1.0'

  '@typescript-eslint/types@8.59.3':
    resolution: {integrity: sha1-t8pTnF4wL93pp8rbc8rtEH748s0=, tarball: http://registry.m.jd.com/@typescript-eslint/types/download/@typescript-eslint/types-8.59.3.tgz}
    engines: {node: ^18.18.0 || ^20.9.0 || >=21.1.0}

  '@typescript-eslint/typescript-estree@8.59.3':
    resolution: {integrity: sha1-5rsUCOALR+QxQnpAJo206GyxIas=, tarball: http://registry.m.jd.com/@typescript-eslint/typescript-estree/download/@typescript-eslint/typescript-estree-8.59.3.tgz}
    engines: {node: ^18.18.0 || ^20.9.0 || >=21.1.0}
    peerDependencies:
      typescript: '>=4.8.4 <6.1.0'

  '@typescript-eslint/utils@8.59.3':
    resolution: {integrity: sha1-9pP5ed603DmU3gP/iyOXbWJcNsU=, tarball: http://registry.m.jd.com/@typescript-eslint/utils/download/@typescript-eslint/utils-8.59.3.tgz}
    engines: {node: ^18.18.0 || ^20.9.0 || >=21.1.0}
    peerDependencies:
      eslint: ^8.57.0 || ^9.0.0 || ^10.0.0
      typescript: '>=4.8.4 <6.1.0'

  '@typescript-eslint/visitor-keys@8.59.3':
    resolution: {integrity: sha1-gghDsbXKQpAAnPGJOCq89v4A36Y=, tarball: http://registry.m.jd.com/@typescript-eslint/visitor-keys/download/@typescript-eslint/visitor-keys-8.59.3.tgz}
    engines: {node: ^18.18.0 || ^20.9.0 || >=21.1.0}

  '@vercel/oidc@3.2.0':
    resolution: {integrity: sha1-V4Kk1JBEQ/AVgIcFtVN8+cO2hSg=, tarball: http://registry.m.jd.com/@vercel/oidc/download/@vercel/oidc-3.2.0.tgz}
    engines: {node: '>= 20'}

  acorn-jsx@5.3.2:
    resolution: {integrity: sha1-ftW7VZCLOy8bxVxq8WU7rafweTc=, tarball: http://registry.m.jd.com/acorn-jsx/download/acorn-jsx-5.3.2.tgz}
    peerDependencies:
      acorn: ^6.0.0 || ^7.0.0 || ^8.0.0

  acorn@8.16.0:
    resolution: {integrity: sha1-TOecib5Ar+ev6POtuQKh8c6awIo=, tarball: http://registry.m.jd.com/acorn/download/acorn-8.16.0.tgz}
    engines: {node: '>=0.4.0'}
    hasBin: true

  ai@6.0.185:
    resolution: {integrity: sha1-KD87TcJt4nYGEahMk3wOmBOG8lE=, tarball: http://registry.m.jd.com/ai/download/ai-6.0.185.tgz}
    engines: {node: '>=18'}
    peerDependencies:
      zod: ^3.25.76 || ^4.1.8

  ajv@6.15.0:
    resolution: {integrity: sha1-B+mCx0YmFnqnoklcU4F4ktcTlJI=, tarball: http://registry.m.jd.com/ajv/download/ajv-6.15.0.tgz}

  balanced-match@4.0.4:
    resolution: {integrity: sha1-v7EGYv7tgZaixi58aOF3IMJ0F5o=, tarball: http://registry.m.jd.com/balanced-match/download/balanced-match-4.0.4.tgz}
    engines: {node: 18 || 20 || >=22}

  brace-expansion@5.0.6:
    resolution: {integrity: sha1-7Gj+CmQaKdhxFXnK9kHQW64fIoU=, tarball: http://registry.m.jd.com/brace-expansion/download/brace-expansion-5.0.6.tgz}
    engines: {node: 18 || 20 || >=22}

  cross-spawn@7.0.6:
    resolution: {integrity: sha1-ilj+ePANzXDDcEUXWd+/rwPo7p8=, tarball: http://registry.m.jd.com/cross-spawn/download/cross-spawn-7.0.6.tgz}
    engines: {node: '>= 8'}

  debug@4.4.3:
    resolution: {integrity: sha1-xq5DLZvZZiWC/OCHCbA4xY6ePWo=, tarball: http://registry.m.jd.com/debug/download/debug-4.4.3.tgz}
    engines: {node: '>=6.0'}
    peerDependencies:
      supports-color: '*'
    peerDependenciesMeta:
      supports-color:
        optional: true

  deep-is@0.1.4:
    resolution: {integrity: sha1-pvLc5hL63S7x9Rm3NVHxfoUZmDE=, tarball: http://registry.m.jd.com/deep-is/download/deep-is-0.1.4.tgz}

  dotenv@17.4.2:
    resolution: {integrity: sha1-wH5Up0bhHroCHdnhBHztWv3BwDQ=, tarball: http://registry.m.jd.com/dotenv/download/dotenv-17.4.2.tgz}
    engines: {node: '>=12'}

  esbuild@0.28.0:
    resolution: {integrity: sha1-Xe40f/s+OHQhKjWmmDawd7HObZY=, tarball: http://registry.m.jd.com/esbuild/download/esbuild-0.28.0.tgz}
    engines: {node: '>=18'}
    hasBin: true

  escape-string-regexp@4.0.0:
    resolution: {integrity: sha1-FLqDpdNz49MR5a/KKc9b+tllvzQ=, tarball: http://registry.m.jd.com/escape-string-regexp/download/escape-string-regexp-4.0.0.tgz}
    engines: {node: '>=10'}

  eslint-plugin-unused-imports@4.4.1:
    resolution: {integrity: sha1-qDHwopN9djHrowy4cJGrfTpdoOE=, tarball: http://registry.m.jd.com/eslint-plugin-unused-imports/download/eslint-plugin-unused-imports-4.4.1.tgz}
    peerDependencies:
      '@typescript-eslint/eslint-plugin': ^8.0.0-0 || ^7.0.0 || ^6.0.0 || ^5.0.0
      eslint: ^10.0.0 || ^9.0.0 || ^8.0.0
    peerDependenciesMeta:
      '@typescript-eslint/eslint-plugin':
        optional: true

  eslint-scope@9.1.2:
    resolution: {integrity: sha1-ud5qzi+rHP8k0uWNhbdMj86jmAI=, tarball: http://registry.m.jd.com/eslint-scope/download/eslint-scope-9.1.2.tgz}
    engines: {node: ^20.19.0 || ^22.13.0 || >=24}

  eslint-visitor-keys@3.4.3:
    resolution: {integrity: sha1-DNcv6FUOPC6uFWqWpN3c0cisWAA=, tarball: http://registry.m.jd.com/eslint-visitor-keys/download/eslint-visitor-keys-3.4.3.tgz}
    engines: {node: ^12.22.0 || ^14.17.0 || >=16.0.0}

  eslint-visitor-keys@5.0.1:
    resolution: {integrity: sha1-njyUiWl4JNLUzjqK0SYo+R6fWb4=, tarball: http://registry.m.jd.com/eslint-visitor-keys/download/eslint-visitor-keys-5.0.1.tgz}
    engines: {node: ^20.19.0 || ^22.13.0 || >=24}

  eslint@10.4.0:
    resolution: {integrity: sha1-2GtsQF3g8Z8zGMRxObjLZ3Gz9ZI=, tarball: http://registry.m.jd.com/eslint/download/eslint-10.4.0.tgz}
    engines: {node: ^20.19.0 || ^22.13.0 || >=24}
    hasBin: true
    peerDependencies:
      jiti: '*'
    peerDependenciesMeta:
      jiti:
        optional: true

  espree@11.2.0:
    resolution: {integrity: sha1-AdXkfcMyqrowWQCDYkVKjMNMyqU=, tarball: http://registry.m.jd.com/espree/download/espree-11.2.0.tgz}
    engines: {node: ^20.19.0 || ^22.13.0 || >=24}

  esquery@1.7.0:
    resolution: {integrity: sha1-CNBI8mHw3e21uulfRoCUY9nJSW0=, tarball: http://registry.m.jd.com/esquery/download/esquery-1.7.0.tgz}
    engines: {node: '>=0.10'}

  esrecurse@4.3.0:
    resolution: {integrity: sha1-eteWTWeauyi+5yzsY3WLHF0smSE=, tarball: http://registry.m.jd.com/esrecurse/download/esrecurse-4.3.0.tgz}
    engines: {node: '>=4.0'}

  estraverse@5.3.0:
    resolution: {integrity: sha1-LupSkHAvJquP5TcDcP+GyWXSESM=, tarball: http://registry.m.jd.com/estraverse/download/estraverse-5.3.0.tgz}
    engines: {node: '>=4.0'}

  esutils@2.0.3:
    resolution: {integrity: sha1-dNLrTeC42hKTcRkQ1Qd1ubcQ72Q=, tarball: http://registry.m.jd.com/esutils/download/esutils-2.0.3.tgz}
    engines: {node: '>=0.10.0'}

  eventsource-parser@3.0.8:
    resolution: {integrity: sha1-HHklA+QIBFXQBwG7H3odYHNNDlg=, tarball: http://registry.m.jd.com/eventsource-parser/download/eventsource-parser-3.0.8.tgz}
    engines: {node: '>=18.0.0'}

  fast-deep-equal@3.1.3:
    resolution: {integrity: sha1-On1WtVnWy8PrUSMlJE5hmmXGxSU=, tarball: http://registry.m.jd.com/fast-deep-equal/download/fast-deep-equal-3.1.3.tgz}

  fast-json-stable-stringify@2.1.0:
    resolution: {integrity: sha1-h0v2nG9ATCtdmcSBNBOZ/VWJJjM=, tarball: http://registry.m.jd.com/fast-json-stable-stringify/download/fast-json-stable-stringify-2.1.0.tgz}

  fast-levenshtein@2.0.6:
    resolution: {integrity: sha1-PYpcZog6FqMMqGQ+hR8Zuqd5eRc=, tarball: http://registry.m.jd.com/fast-levenshtein/download/fast-levenshtein-2.0.6.tgz}

  fdir@6.5.0:
    resolution: {integrity: sha1-7Sq5Z6MxreYvGNB32uGSaE1Q01A=, tarball: http://registry.m.jd.com/fdir/download/fdir-6.5.0.tgz}
    engines: {node: '>=12.0.0'}
    peerDependencies:
      picomatch: ^3 || ^4
    peerDependenciesMeta:
      picomatch:
        optional: true

  file-entry-cache@8.0.0:
    resolution: {integrity: sha1-d4e93PETG/+5JjbGlFe7wO3W2B8=, tarball: http://registry.m.jd.com/file-entry-cache/download/file-entry-cache-8.0.0.tgz}
    engines: {node: '>=16.0.0'}

  find-up@5.0.0:
    resolution: {integrity: sha1-TJKBnstwg1YeT0okCoa+UZj1Nvw=, tarball: http://registry.m.jd.com/find-up/download/find-up-5.0.0.tgz}
    engines: {node: '>=10'}

  flat-cache@4.0.1:
    resolution: {integrity: sha1-Ds45/LFO4BL0sEEL0z3ZwfAREnw=, tarball: http://registry.m.jd.com/flat-cache/download/flat-cache-4.0.1.tgz}
    engines: {node: '>=16'}

  flatted@3.4.2:
    resolution: {integrity: sha1-9cI8EH8PN96NvfJPE3IrO5jVJyY=, tarball: http://registry.m.jd.com/flatted/download/flatted-3.4.2.tgz}

  fsevents@2.3.3:
    resolution: {integrity: sha1-ysZAd4XQNnWipeGlMFxpezR9kNY=, tarball: http://registry.m.jd.com/fsevents/download/fsevents-2.3.3.tgz}
    engines: {node: ^8.16.0 || ^10.6.0 || >=11.0.0}
    os: [darwin]

  glob-parent@6.0.2:
    resolution: {integrity: sha1-bSN9mQg5UMeSkPJMdkKj3poo+eM=, tarball: http://registry.m.jd.com/glob-parent/download/glob-parent-6.0.2.tgz}
    engines: {node: '>=10.13.0'}

  ignore@5.3.2:
    resolution: {integrity: sha1-PNQOcp82Q/2HywTlC/DrcivFlvU=, tarball: http://registry.m.jd.com/ignore/download/ignore-5.3.2.tgz}
    engines: {node: '>= 4'}

  ignore@7.0.5:
    resolution: {integrity: sha1-TLX2zX1MerA2VzjHrqiIuqbX79k=, tarball: http://registry.m.jd.com/ignore/download/ignore-7.0.5.tgz}
    engines: {node: '>= 4'}

  imurmurhash@0.1.4:
    resolution: {integrity: sha1-khi5srkoojixPcT7a21XbyMUU+o=, tarball: http://registry.m.jd.com/imurmurhash/download/imurmurhash-0.1.4.tgz}
    engines: {node: '>=0.8.19'}

  is-extglob@2.1.1:
    resolution: {integrity: sha1-qIwCU1eR8C7TfHahueqXc8gz+MI=, tarball: http://registry.m.jd.com/is-extglob/download/is-extglob-2.1.1.tgz}
    engines: {node: '>=0.10.0'}

  is-glob@4.0.3:
    resolution: {integrity: sha1-ZPYeQsu7LuwgcanawLKLoeZdUIQ=, tarball: http://registry.m.jd.com/is-glob/download/is-glob-4.0.3.tgz}
    engines: {node: '>=0.10.0'}

  isexe@2.0.0:
    resolution: {integrity: sha1-6PvzdNxVb/iUehDcsFctYz8s+hA=, tarball: http://registry.m.jd.com/isexe/download/isexe-2.0.0.tgz}

  jiti@2.7.0:
    resolution: {integrity: sha1-l0Io8vTKK8IYhaF5e0X+po6VDGQ=, tarball: http://registry.m.jd.com/jiti/download/jiti-2.7.0.tgz}
    hasBin: true

  json-buffer@3.0.1:
    resolution: {integrity: sha1-kziAKjDTtmBfvgYT4JQAjKjAWhM=, tarball: http://registry.m.jd.com/json-buffer/download/json-buffer-3.0.1.tgz}

  json-schema-traverse@0.4.1:
    resolution: {integrity: sha1-afaofZUTq4u4/mO9sJecRI5oRmA=, tarball: http://registry.m.jd.com/json-schema-traverse/download/json-schema-traverse-0.4.1.tgz}

  json-schema@0.4.0:
    resolution: {integrity: sha1-995M9u+rg4666zI2R0y7paGTCrU=, tarball: http://registry.m.jd.com/json-schema/download/json-schema-0.4.0.tgz}

  json-stable-stringify-without-jsonify@1.0.1:
    resolution: {integrity: sha1-nbe1lJatPzz+8wp1FC0tkwrXJlE=, tarball: http://registry.m.jd.com/json-stable-stringify-without-jsonify/download/json-stable-stringify-without-jsonify-1.0.1.tgz}

  keyv@4.5.4:
    resolution: {integrity: sha1-qHmpnilFL5QkOfKkBeOvizHU3pM=, tarball: http://registry.m.jd.com/keyv/download/keyv-4.5.4.tgz}

  levn@0.4.1:
    resolution: {integrity: sha1-rkViwAdHO5MqYgDUAyaN0v/8at4=, tarball: http://registry.m.jd.com/levn/download/levn-0.4.1.tgz}
    engines: {node: '>= 0.8.0'}

  locate-path@6.0.0:
    resolution: {integrity: sha1-VTIeswn+u8WcSAHZMackUqaB0oY=, tarball: http://registry.m.jd.com/locate-path/download/locate-path-6.0.0.tgz}
    engines: {node: '>=10'}

  minimatch@10.2.5:
    resolution: {integrity: sha1-vUhoegvjjtKWE5kQVgD4MglYYdE=, tarball: http://registry.m.jd.com/minimatch/download/minimatch-10.2.5.tgz}
    engines: {node: 18 || 20 || >=22}

  ms@2.1.3:
    resolution: {integrity: sha1-V0yBOM4dK1hh8LRFedut1gxmFbI=, tarball: http://registry.m.jd.com/ms/download/ms-2.1.3.tgz}

  natural-compare@1.4.0:
    resolution: {integrity: sha1-Sr6/7tdUHywnrPspvbvRXI1bpPc=, tarball: http://registry.m.jd.com/natural-compare/download/natural-compare-1.4.0.tgz}

  optionator@0.9.4:
    resolution: {integrity: sha1-fqHBpdkddk+yghOciP4R4YKjpzQ=, tarball: http://registry.m.jd.com/optionator/download/optionator-0.9.4.tgz}
    engines: {node: '>= 0.8.0'}

  p-limit@3.1.0:
    resolution: {integrity: sha1-4drMvnjQ0TiMoYxk/qOOPlfjcGs=, tarball: http://registry.m.jd.com/p-limit/download/p-limit-3.1.0.tgz}
    engines: {node: '>=10'}

  p-locate@5.0.0:
    resolution: {integrity: sha1-g8gxXGeFAF470CGDlBHJ4RDm2DQ=, tarball: http://registry.m.jd.com/p-locate/download/p-locate-5.0.0.tgz}
    engines: {node: '>=10'}

  path-exists@4.0.0:
    resolution: {integrity: sha1-UTvb4tO5XXdi6METfvoZXGxhtbM=, tarball: http://registry.m.jd.com/path-exists/download/path-exists-4.0.0.tgz}
    engines: {node: '>=8'}

  path-key@3.1.1:
    resolution: {integrity: sha1-WB9q3mWMu6ZaDTOA3ndTKVBU83U=, tarball: http://registry.m.jd.com/path-key/download/path-key-3.1.1.tgz}
    engines: {node: '>=8'}

  picomatch@4.0.4:
    resolution: {integrity: sha1-/W9eAKFDCG4HTf/kySS4+yk7BYk=, tarball: http://registry.m.jd.com/picomatch/download/picomatch-4.0.4.tgz}
    engines: {node: '>=12'}

  prelude-ls@1.2.1:
    resolution: {integrity: sha1-3rxkidem5rDnYRiIzsiAM30xY5Y=, tarball: http://registry.m.jd.com/prelude-ls/download/prelude-ls-1.2.1.tgz}
    engines: {node: '>= 0.8.0'}

  prettier@3.8.3:
    resolution: {integrity: sha1-Vg8t5VvwG0wFA7xinV35m5odCbA=, tarball: http://registry.m.jd.com/prettier/download/prettier-3.8.3.tgz}
    engines: {node: '>=14'}
    hasBin: true

  punycode@2.3.1:
    resolution: {integrity: sha1-AnQi4vrsCyXhVJw+G9gwm5EztuU=, tarball: http://registry.m.jd.com/punycode/download/punycode-2.3.1.tgz}
    engines: {node: '>=6'}

  semver@7.8.0:
    resolution: {integrity: sha1-7QZhA5/LzaLOcfAfpq2++qdwQN8=, tarball: http://registry.m.jd.com/semver/download/semver-7.8.0.tgz}
    engines: {node: '>=10'}
    hasBin: true

  shebang-command@2.0.0:
    resolution: {integrity: sha1-zNCvT4g1+9wmW4JGGq8MNmY/NOo=, tarball: http://registry.m.jd.com/shebang-command/download/shebang-command-2.0.0.tgz}
    engines: {node: '>=8'}

  shebang-regex@3.0.0:
    resolution: {integrity: sha1-rhbxZE2HPsrYQ7AwexQzYtTEIXI=, tarball: http://registry.m.jd.com/shebang-regex/download/shebang-regex-3.0.0.tgz}
    engines: {node: '>=8'}

  tinyglobby@0.2.16:
    resolution: {integrity: sha1-HDt+uVP85Csia8Wh7gZCgoGv89Y=, tarball: http://registry.m.jd.com/tinyglobby/download/tinyglobby-0.2.16.tgz}
    engines: {node: '>=12.0.0'}

  ts-api-utils@2.5.0:
    resolution: {integrity: sha1-Ss1KFV4ic0mQpe0f6el/ETvLN8E=, tarball: http://registry.m.jd.com/ts-api-utils/download/ts-api-utils-2.5.0.tgz}
    engines: {node: '>=18.12'}
    peerDependencies:
      typescript: '>=4.8.4'

  tsx@4.22.2:
    resolution: {integrity: sha1-JAJAMjXZjpcKaY9U1Mzn5LjAAJg=, tarball: http://registry.m.jd.com/tsx/download/tsx-4.22.2.tgz}
    engines: {node: '>=18.0.0'}
    hasBin: true

  type-check@0.4.0:
    resolution: {integrity: sha1-B7ggO/pwVsBlcFDjzNLDdzC6uPE=, tarball: http://registry.m.jd.com/type-check/download/type-check-0.4.0.tgz}
    engines: {node: '>= 0.8.0'}

  typescript-eslint@8.59.3:
    resolution: {integrity: sha1-SkHZAH+qU5pmKSGJ4nle6wufyik=, tarball: http://registry.m.jd.com/typescript-eslint/download/typescript-eslint-8.59.3.tgz}
    engines: {node: ^18.18.0 || ^20.9.0 || >=21.1.0}
    peerDependencies:
      eslint: ^8.57.0 || ^9.0.0 || ^10.0.0
      typescript: '>=4.8.4 <6.1.0'

  typescript@6.0.3:
    resolution: {integrity: sha1-kCUdwAeRbpcnhsuU100VsYVXfSE=, tarball: http://registry.m.jd.com/typescript/download/typescript-6.0.3.tgz}
    engines: {node: '>=14.17'}
    hasBin: true

  undici-types@7.24.6:
    resolution: {integrity: sha1-YSdbSF1/1OnSacfPBOwoc8nMD5E=, tarball: http://registry.m.jd.com/undici-types/download/undici-types-7.24.6.tgz}

  uri-js@4.4.1:
    resolution: {integrity: sha1-mxpSWVIlhZ5V9mnZKPiMbFfyp34=, tarball: http://registry.m.jd.com/uri-js/download/uri-js-4.4.1.tgz}

  which@2.0.2:
    resolution: {integrity: sha1-fGqN0KY2oDJ+ELWckobu6T8/UbE=, tarball: http://registry.m.jd.com/which/download/which-2.0.2.tgz}
    engines: {node: '>= 8'}
    hasBin: true

  word-wrap@1.2.5:
    resolution: {integrity: sha1-0sRcbdT7zmIaZvE2y+Mor9BBCzQ=, tarball: http://registry.m.jd.com/word-wrap/download/word-wrap-1.2.5.tgz}
    engines: {node: '>=0.10.0'}

  yocto-queue@0.1.0:
    resolution: {integrity: sha1-ApTrPe4FAo0x7hpfosVWpqrxChs=, tarball: http://registry.m.jd.com/yocto-queue/download/yocto-queue-0.1.0.tgz}
    engines: {node: '>=10'}

  zod@4.4.3:
    resolution: {integrity: sha1-toDxcohdGLvr8hqDTqJeVaG781Y=, tarball: http://registry.m.jd.com/zod/download/zod-4.4.3.tgz}

snapshots:

  '@ai-sdk/anthropic@3.0.77(zod@4.4.3)':
    dependencies:
      '@ai-sdk/provider': 3.0.10
      '@ai-sdk/provider-utils': 4.0.27(zod@4.4.3)
      zod: 4.4.3

  '@ai-sdk/gateway@3.0.116(zod@4.4.3)':
    dependencies:
      '@ai-sdk/provider': 3.0.10
      '@ai-sdk/provider-utils': 4.0.27(zod@4.4.3)
      '@vercel/oidc': 3.2.0
      zod: 4.4.3

  '@ai-sdk/openai@3.0.64(zod@4.4.3)':
    dependencies:
      '@ai-sdk/provider': 3.0.10
      '@ai-sdk/provider-utils': 4.0.27(zod@4.4.3)
      zod: 4.4.3

  '@ai-sdk/provider-utils@4.0.27(zod@4.4.3)':
    dependencies:
      '@ai-sdk/provider': 3.0.10
      '@standard-schema/spec': 1.1.0
      eventsource-parser: 3.0.8
      zod: 4.4.3

  '@ai-sdk/provider@3.0.10':
    dependencies:
      json-schema: 0.4.0

  '@esbuild/aix-ppc64@0.28.0':
    optional: true

  '@esbuild/android-arm64@0.28.0':
    optional: true

  '@esbuild/android-arm@0.28.0':
    optional: true

  '@esbuild/android-x64@0.28.0':
    optional: true

  '@esbuild/darwin-arm64@0.28.0':
    optional: true

  '@esbuild/darwin-x64@0.28.0':
    optional: true

  '@esbuild/freebsd-arm64@0.28.0':
    optional: true

  '@esbuild/freebsd-x64@0.28.0':
    optional: true

  '@esbuild/linux-arm64@0.28.0':
    optional: true

  '@esbuild/linux-arm@0.28.0':
    optional: true

  '@esbuild/linux-ia32@0.28.0':
    optional: true

  '@esbuild/linux-loong64@0.28.0':
    optional: true

  '@esbuild/linux-mips64el@0.28.0':
    optional: true

  '@esbuild/linux-ppc64@0.28.0':
    optional: true

  '@esbuild/linux-riscv64@0.28.0':
    optional: true

  '@esbuild/linux-s390x@0.28.0':
    optional: true

  '@esbuild/linux-x64@0.28.0':
    optional: true

  '@esbuild/netbsd-arm64@0.28.0':
    optional: true

  '@esbuild/netbsd-x64@0.28.0':
    optional: true

  '@esbuild/openbsd-arm64@0.28.0':
    optional: true

  '@esbuild/openbsd-x64@0.28.0':
    optional: true

  '@esbuild/openharmony-arm64@0.28.0':
    optional: true

  '@esbuild/sunos-x64@0.28.0':
    optional: true

  '@esbuild/win32-arm64@0.28.0':
    optional: true

  '@esbuild/win32-ia32@0.28.0':
    optional: true

  '@esbuild/win32-x64@0.28.0':
    optional: true

  '@eslint-community/eslint-utils@4.9.1(eslint@10.4.0(jiti@2.7.0))':
    dependencies:
      eslint: 10.4.0(jiti@2.7.0)
      eslint-visitor-keys: 3.4.3

  '@eslint-community/regexpp@4.12.2': {}

  '@eslint/config-array@0.23.5':
    dependencies:
      '@eslint/object-schema': 3.0.5
      debug: 4.4.3
      minimatch: 10.2.5
    transitivePeerDependencies:
      - supports-color

  '@eslint/config-helpers@0.6.0':
    dependencies:
      '@eslint/core': 1.2.1

  '@eslint/core@1.2.1':
    dependencies:
      '@types/json-schema': 7.0.15

  '@eslint/js@10.0.1(eslint@10.4.0(jiti@2.7.0))':
    optionalDependencies:
      eslint: 10.4.0(jiti@2.7.0)

  '@eslint/object-schema@3.0.5': {}

  '@eslint/plugin-kit@0.7.1':
    dependencies:
      '@eslint/core': 1.2.1
      levn: 0.4.1

  '@humanfs/core@0.19.2':
    dependencies:
      '@humanfs/types': 0.15.0

  '@humanfs/node@0.16.8':
    dependencies:
      '@humanfs/core': 0.19.2
      '@humanfs/types': 0.15.0
      '@humanwhocodes/retry': 0.4.3

  '@humanfs/types@0.15.0': {}

  '@humanwhocodes/module-importer@1.0.1': {}

  '@humanwhocodes/retry@0.4.3': {}

  '@opentelemetry/api@1.9.1': {}

  '@standard-schema/spec@1.1.0': {}

  '@types/esrecurse@4.3.1': {}

  '@types/estree@1.0.9': {}

  '@types/json-schema@7.0.15': {}

  '@types/node@25.9.0':
    dependencies:
      undici-types: 7.24.6

  '@typescript-eslint/eslint-plugin@8.59.3(@typescript-eslint/parser@8.59.3(eslint@10.4.0(jiti@2.7.0))(typescript@6.0.3))(eslint@10.4.0(jiti@2.7.0))(typescript@6.0.3)':
    dependencies:
      '@eslint-community/regexpp': 4.12.2
      '@typescript-eslint/parser': 8.59.3(eslint@10.4.0(jiti@2.7.0))(typescript@6.0.3)
      '@typescript-eslint/scope-manager': 8.59.3
      '@typescript-eslint/type-utils': 8.59.3(eslint@10.4.0(jiti@2.7.0))(typescript@6.0.3)
      '@typescript-eslint/utils': 8.59.3(eslint@10.4.0(jiti@2.7.0))(typescript@6.0.3)
      '@typescript-eslint/visitor-keys': 8.59.3
      eslint: 10.4.0(jiti@2.7.0)
      ignore: 7.0.5
      natural-compare: 1.4.0
      ts-api-utils: 2.5.0(typescript@6.0.3)
      typescript: 6.0.3
    transitivePeerDependencies:
      - supports-color

  '@typescript-eslint/parser@8.59.3(eslint@10.4.0(jiti@2.7.0))(typescript@6.0.3)':
    dependencies:
      '@typescript-eslint/scope-manager': 8.59.3
      '@typescript-eslint/types': 8.59.3
      '@typescript-eslint/typescript-estree': 8.59.3(typescript@6.0.3)
      '@typescript-eslint/visitor-keys': 8.59.3
      debug: 4.4.3
      eslint: 10.4.0(jiti@2.7.0)
      typescript: 6.0.3
    transitivePeerDependencies:
      - supports-color

  '@typescript-eslint/project-service@8.59.3(typescript@6.0.3)':
    dependencies:
      '@typescript-eslint/tsconfig-utils': 8.59.3(typescript@6.0.3)
      '@typescript-eslint/types': 8.59.3
      debug: 4.4.3
      typescript: 6.0.3
    transitivePeerDependencies:
      - supports-color

  '@typescript-eslint/scope-manager@8.59.3':
    dependencies:
      '@typescript-eslint/types': 8.59.3
      '@typescript-eslint/visitor-keys': 8.59.3

  '@typescript-eslint/tsconfig-utils@8.59.3(typescript@6.0.3)':
    dependencies:
      typescript: 6.0.3

  '@typescript-eslint/type-utils@8.59.3(eslint@10.4.0(jiti@2.7.0))(typescript@6.0.3)':
    dependencies:
      '@typescript-eslint/types': 8.59.3
      '@typescript-eslint/typescript-estree': 8.59.3(typescript@6.0.3)
      '@typescript-eslint/utils': 8.59.3(eslint@10.4.0(jiti@2.7.0))(typescript@6.0.3)
      debug: 4.4.3
      eslint: 10.4.0(jiti@2.7.0)
      ts-api-utils: 2.5.0(typescript@6.0.3)
      typescript: 6.0.3
    transitivePeerDependencies:
      - supports-color

  '@typescript-eslint/types@8.59.3': {}

  '@typescript-eslint/typescript-estree@8.59.3(typescript@6.0.3)':
    dependencies:
      '@typescript-eslint/project-service': 8.59.3(typescript@6.0.3)
      '@typescript-eslint/tsconfig-utils': 8.59.3(typescript@6.0.3)
      '@typescript-eslint/types': 8.59.3
      '@typescript-eslint/visitor-keys': 8.59.3
      debug: 4.4.3
      minimatch: 10.2.5
      semver: 7.8.0
      tinyglobby: 0.2.16
      ts-api-utils: 2.5.0(typescript@6.0.3)
      typescript: 6.0.3
    transitivePeerDependencies:
      - supports-color

  '@typescript-eslint/utils@8.59.3(eslint@10.4.0(jiti@2.7.0))(typescript@6.0.3)':
    dependencies:
      '@eslint-community/eslint-utils': 4.9.1(eslint@10.4.0(jiti@2.7.0))
      '@typescript-eslint/scope-manager': 8.59.3
      '@typescript-eslint/types': 8.59.3
      '@typescript-eslint/typescript-estree': 8.59.3(typescript@6.0.3)
      eslint: 10.4.0(jiti@2.7.0)
      typescript: 6.0.3
    transitivePeerDependencies:
      - supports-color

  '@typescript-eslint/visitor-keys@8.59.3':
    dependencies:
      '@typescript-eslint/types': 8.59.3
      eslint-visitor-keys: 5.0.1

  '@vercel/oidc@3.2.0': {}

  acorn-jsx@5.3.2(acorn@8.16.0):
    dependencies:
      acorn: 8.16.0

  acorn@8.16.0: {}

  ai@6.0.185(zod@4.4.3):
    dependencies:
      '@ai-sdk/gateway': 3.0.116(zod@4.4.3)
      '@ai-sdk/provider': 3.0.10
      '@ai-sdk/provider-utils': 4.0.27(zod@4.4.3)
      '@opentelemetry/api': 1.9.1
      zod: 4.4.3

  ajv@6.15.0:
    dependencies:
      fast-deep-equal: 3.1.3
      fast-json-stable-stringify: 2.1.0
      json-schema-traverse: 0.4.1
      uri-js: 4.4.1

  balanced-match@4.0.4: {}

  brace-expansion@5.0.6:
    dependencies:
      balanced-match: 4.0.4

  cross-spawn@7.0.6:
    dependencies:
      path-key: 3.1.1
      shebang-command: 2.0.0
      which: 2.0.2

  debug@4.4.3:
    dependencies:
      ms: 2.1.3

  deep-is@0.1.4: {}

  dotenv@17.4.2: {}

  esbuild@0.28.0:
    optionalDependencies:
      '@esbuild/aix-ppc64': 0.28.0
      '@esbuild/android-arm': 0.28.0
      '@esbuild/android-arm64': 0.28.0
      '@esbuild/android-x64': 0.28.0
      '@esbuild/darwin-arm64': 0.28.0
      '@esbuild/darwin-x64': 0.28.0
      '@esbuild/freebsd-arm64': 0.28.0
      '@esbuild/freebsd-x64': 0.28.0
      '@esbuild/linux-arm': 0.28.0
      '@esbuild/linux-arm64': 0.28.0
      '@esbuild/linux-ia32': 0.28.0
      '@esbuild/linux-loong64': 0.28.0
      '@esbuild/linux-mips64el': 0.28.0
      '@esbuild/linux-ppc64': 0.28.0
      '@esbuild/linux-riscv64': 0.28.0
      '@esbuild/linux-s390x': 0.28.0
      '@esbuild/linux-x64': 0.28.0
      '@esbuild/netbsd-arm64': 0.28.0
      '@esbuild/netbsd-x64': 0.28.0
      '@esbuild/openbsd-arm64': 0.28.0
      '@esbuild/openbsd-x64': 0.28.0
      '@esbuild/openharmony-arm64': 0.28.0
      '@esbuild/sunos-x64': 0.28.0
      '@esbuild/win32-arm64': 0.28.0
      '@esbuild/win32-ia32': 0.28.0
      '@esbuild/win32-x64': 0.28.0

  escape-string-regexp@4.0.0: {}

  eslint-plugin-unused-imports@4.4.1(@typescript-eslint/eslint-plugin@8.59.3(@typescript-eslint/parser@8.59.3(eslint@10.4.0(jiti@2.7.0))(typescript@6.0.3))(eslint@10.4.0(jiti@2.7.0))(typescript@6.0.3))(eslint@10.4.0(jiti@2.7.0)):
    dependencies:
      eslint: 10.4.0(jiti@2.7.0)
    optionalDependencies:
      '@typescript-eslint/eslint-plugin': 8.59.3(@typescript-eslint/parser@8.59.3(eslint@10.4.0(jiti@2.7.0))(typescript@6.0.3))(eslint@10.4.0(jiti@2.7.0))(typescript@6.0.3)

  eslint-scope@9.1.2:
    dependencies:
      '@types/esrecurse': 4.3.1
      '@types/estree': 1.0.9
      esrecurse: 4.3.0
      estraverse: 5.3.0

  eslint-visitor-keys@3.4.3: {}

  eslint-visitor-keys@5.0.1: {}

  eslint@10.4.0(jiti@2.7.0):
    dependencies:
      '@eslint-community/eslint-utils': 4.9.1(eslint@10.4.0(jiti@2.7.0))
      '@eslint-community/regexpp': 4.12.2
      '@eslint/config-array': 0.23.5
      '@eslint/config-helpers': 0.6.0
      '@eslint/core': 1.2.1
      '@eslint/plugin-kit': 0.7.1
      '@humanfs/node': 0.16.8
      '@humanwhocodes/module-importer': 1.0.1
      '@humanwhocodes/retry': 0.4.3
      '@types/estree': 1.0.9
      ajv: 6.15.0
      cross-spawn: 7.0.6
      debug: 4.4.3
      escape-string-regexp: 4.0.0
      eslint-scope: 9.1.2
      eslint-visitor-keys: 5.0.1
      espree: 11.2.0
      esquery: 1.7.0
      esutils: 2.0.3
      fast-deep-equal: 3.1.3
      file-entry-cache: 8.0.0
      find-up: 5.0.0
      glob-parent: 6.0.2
      ignore: 5.3.2
      imurmurhash: 0.1.4
      is-glob: 4.0.3
      json-stable-stringify-without-jsonify: 1.0.1
      minimatch: 10.2.5
      natural-compare: 1.4.0
      optionator: 0.9.4
    optionalDependencies:
      jiti: 2.7.0
    transitivePeerDependencies:
      - supports-color

  espree@11.2.0:
    dependencies:
      acorn: 8.16.0
      acorn-jsx: 5.3.2(acorn@8.16.0)
      eslint-visitor-keys: 5.0.1

  esquery@1.7.0:
    dependencies:
      estraverse: 5.3.0

  esrecurse@4.3.0:
    dependencies:
      estraverse: 5.3.0

  estraverse@5.3.0: {}

  esutils@2.0.3: {}

  eventsource-parser@3.0.8: {}

  fast-deep-equal@3.1.3: {}

  fast-json-stable-stringify@2.1.0: {}

  fast-levenshtein@2.0.6: {}

  fdir@6.5.0(picomatch@4.0.4):
    optionalDependencies:
      picomatch: 4.0.4

  file-entry-cache@8.0.0:
    dependencies:
      flat-cache: 4.0.1

  find-up@5.0.0:
    dependencies:
      locate-path: 6.0.0
      path-exists: 4.0.0

  flat-cache@4.0.1:
    dependencies:
      flatted: 3.4.2
      keyv: 4.5.4

  flatted@3.4.2: {}

  fsevents@2.3.3:
    optional: true

  glob-parent@6.0.2:
    dependencies:
      is-glob: 4.0.3

  ignore@5.3.2: {}

  ignore@7.0.5: {}

  imurmurhash@0.1.4: {}

  is-extglob@2.1.1: {}

  is-glob@4.0.3:
    dependencies:
      is-extglob: 2.1.1

  isexe@2.0.0: {}

  jiti@2.7.0:
    optional: true

  json-buffer@3.0.1: {}

  json-schema-traverse@0.4.1: {}

  json-schema@0.4.0: {}

  json-stable-stringify-without-jsonify@1.0.1: {}

  keyv@4.5.4:
    dependencies:
      json-buffer: 3.0.1

  levn@0.4.1:
    dependencies:
      prelude-ls: 1.2.1
      type-check: 0.4.0

  locate-path@6.0.0:
    dependencies:
      p-locate: 5.0.0

  minimatch@10.2.5:
    dependencies:
      brace-expansion: 5.0.6

  ms@2.1.3: {}

  natural-compare@1.4.0: {}

  optionator@0.9.4:
    dependencies:
      deep-is: 0.1.4
      fast-levenshtein: 2.0.6
      levn: 0.4.1
      prelude-ls: 1.2.1
      type-check: 0.4.0
      word-wrap: 1.2.5

  p-limit@3.1.0:
    dependencies:
      yocto-queue: 0.1.0

  p-locate@5.0.0:
    dependencies:
      p-limit: 3.1.0

  path-exists@4.0.0: {}

  path-key@3.1.1: {}

  picomatch@4.0.4: {}

  prelude-ls@1.2.1: {}

  prettier@3.8.3: {}

  punycode@2.3.1: {}

  semver@7.8.0: {}

  shebang-command@2.0.0:
    dependencies:
      shebang-regex: 3.0.0

  shebang-regex@3.0.0: {}

  tinyglobby@0.2.16:
    dependencies:
      fdir: 6.5.0(picomatch@4.0.4)
      picomatch: 4.0.4

  ts-api-utils@2.5.0(typescript@6.0.3):
    dependencies:
      typescript: 6.0.3

  tsx@4.22.2:
    dependencies:
      esbuild: 0.28.0
    optionalDependencies:
      fsevents: 2.3.3

  type-check@0.4.0:
    dependencies:
      prelude-ls: 1.2.1

  typescript-eslint@8.59.3(eslint@10.4.0(jiti@2.7.0))(typescript@6.0.3):
    dependencies:
      '@typescript-eslint/eslint-plugin': 8.59.3(@typescript-eslint/parser@8.59.3(eslint@10.4.0(jiti@2.7.0))(typescript@6.0.3))(eslint@10.4.0(jiti@2.7.0))(typescript@6.0.3)
      '@typescript-eslint/parser': 8.59.3(eslint@10.4.0(jiti@2.7.0))(typescript@6.0.3)
      '@typescript-eslint/typescript-estree': 8.59.3(typescript@6.0.3)
      '@typescript-eslint/utils': 8.59.3(eslint@10.4.0(jiti@2.7.0))(typescript@6.0.3)
      eslint: 10.4.0(jiti@2.7.0)
      typescript: 6.0.3
    transitivePeerDependencies:
      - supports-color

  typescript@6.0.3: {}

  undici-types@7.24.6: {}

  uri-js@4.4.1:
    dependencies:
      punycode: 2.3.1

  which@2.0.2:
    dependencies:
      isexe: 2.0.0

  word-wrap@1.2.5: {}

  yocto-queue@0.1.0: {}

  zod@4.4.3: {}
